name: Update API contract lock

on:
  push:
    branches:
      - agent/openapi-generated-types

permissions:
  contents: write

jobs:
  update-lock:
    runs-on: ubuntu-latest
    steps:
      - name: Checkout
        uses: actions/checkout@v6

      - name: Set up pnpm
        uses: pnpm/action-setup@v6

      - name: Set up Node
        uses: actions/setup-node@v6
        with:
          node-version: 22
          cache: pnpm
          cache-dependency-path: pnpm-lock.yaml

      - name: Update workspace lockfile
        run: pnpm install --lockfile-only --no-frozen-lockfile

      - name: Commit lockfile
        shell: bash
        run: |
          if git diff --quiet -- pnpm-lock.yaml; then
            exit 0
          fi
          git config user.name "github-actions[bot]"
          git config user.email "41898282+github-actions[bot]@users.noreply.github.com"
          git add pnpm-lock.yaml
          git commit -m "Update pnpm lock for API contract package"
          git push
